
Microsoft Visual Studio Solution File, Format Version 12.00
# Visual Studio Version 16
VisualStudioVersion = 16.0.30717.126
MinimumVisualStudioVersion = 10.0.40219.1
Project("{9A19103F-16F7-4668-BE54-9A1E7A4F7556}") = "FinalYearProjectNepFit.Web", "FinalYearProjectNepFit.Web\FinalYearProjectNepFit.Web.csproj", "{65E3B600-44F9-4643-9C11-F9A4E607A24A}"
EndProject
Project("{00D1A9C2-B5F0-4AF3-8072-F6C62B433612}") = "FinalYearProject_NepFit", "FinalYearProject_NepFit\FinalYearProject_NepFit.sqlproj", "{A4DC6143-8F2C-4768-A875-5A02A8C0968F}"
EndProject
Project("{9A19103F-16F7-4668-BE54-9A1E7A4F7556}") = "NepFit.Api", "NepFit.Api\NepFit.Api.csproj", "{33156438-6741-4DFB-94DE-912D5B8BD7F6}"
EndProject
Project("{9A19103F-16F7-4668-BE54-9A1E7A4F7556}") = "NepFit.Repository", "NepFit.Repository\NepFit.Repository.csproj", "{EBE30A8A-4098-4617-A8A4-B0B1380AD513}"
EndProject
Global
	GlobalSection(SolutionConfigurationPlatforms) = preSolution
		Debug|Any CPU = Debug|Any CPU
		Release|Any CPU = Release|Any CPU
	EndGlobalSection
	GlobalSection(ProjectConfigurationPlatforms) = postSolution
		{65E3B600-44F9-4643-9C11-F9A4E607A24A}.Debug|Any CPU.ActiveCfg = Debug|Any CPU
		{65E3B600-44F9-4643-9C11-F9A4E607A24A}.Debug|Any CPU.Build.0 = Debug|Any CPU
		{65E3B600-44F9-4643-9C11-F9A4E607A24A}.Release|Any CPU.ActiveCfg = Release|Any CPU
		{65E3B600-44F9-4643-9C11-F9A4E607A24A}.Release|Any CPU.Build.0 = Release|Any CPU
		{A4DC6143-8F2C-4768-A875-5A02A8C0968F}.Debug|Any CPU.ActiveCfg = Debug|Any CPU
		{A4DC6143-8F2C-4768-A875-5A02A8C0968F}.Debug|Any CPU.Build.0 = Debug|Any CPU
		{A4DC6143-8F2C-4768-A875-5A02A8C0968F}.Debug|Any CPU.Deploy.0 = Debug|Any CPU
		{A4DC6143-8F2C-4768-A875-5A02A8C0968F}.Release|Any CPU.ActiveCfg = Release|Any CPU
		{A4DC6143-8F2C-4768-A875-5A02A8C0968F}.Release|Any CPU.Build.0 = Release|Any CPU
		{A4DC6143-8F2C-4768-A875-5A02A8C0968F}.Release|Any CPU.Deploy.0 = Release|Any CPU
		{33156438-6741-4DFB-94DE-912D5B8BD7F6}.Debug|Any CPU.ActiveCfg = Debug|Any CPU
		{33156438-6741-4DFB-94DE-912D5B8BD7F6}.Debug|Any CPU.Build.0 = Debug|Any CPU
		{33156438-6741-4DFB-94DE-912D5B8BD7F6}.Release|Any CPU.ActiveCfg = Release|Any CPU
		{33156438-6741-4DFB-94DE-912D5B8BD7F6}.Release|Any CPU.Build.0 = Release|Any CPU
		{EBE30A8A-4098-4617-A8A4-B0B1380AD513}.Debug|Any CPU.ActiveCfg = Debug|Any CPU
		{EBE30A8A-4098-4617-A8A4-B0B1380AD513}.Debug|Any CPU.Build.0 = Debug|Any CPU
		{EBE30A8A-4098-4617-A8A4-B0B1380AD513}.Release|Any CPU.ActiveCfg = Release|Any CPU
		{EBE30A8A-4098-4617-A8A4-B0B1380AD513}.Release|Any CPU.Build.0 = Release|Any CPU
	EndGlobalSection
	GlobalSection(SolutionProperties) = preSolution
		HideSolutionNode = FALSE
	EndGlobalSection
	GlobalSection(ExtensibilityGlobals) = postSolution
		SolutionGuid = {C3C21A11-B937-405A-91F0-2A8E70409BA3}
	EndGlobalSection
EndGlobal
