
Microsoft Visual Studio Solution File, Format Version 12.00
# Visual Studio Version 16
VisualStudioVersion = 16.0.30717.126
MinimumVisualStudioVersion = 10.0.40219.1
Project("{FAE04EC0-301F-11D3-BF4B-00C04F79EFBC}") = "FinalYearProjectNepFit.Web", "FinalYearProjectNepFit.Web\FinalYearProjectNepFit.Web.csproj", "{65E3B600-44F9-4643-9C11-F9A4E607A24A}"
EndProject
Project("{00D1A9C2-B5F0-4AF3-8072-F6C62B433612}") = "FinalYearProject_NepFit", "FinalYearProject_NepFit\FinalYearProject_NepFit.sqlproj", "{A4DC6143-8F2C-4768-A875-5A02A8C0968F}"
EndProject
Global
	GlobalSection(SolutionConfigurationPlatforms) = preSolution
		Debug|Any CPU = Debug|Any CPU
		Release|Any CPU = Release|Any CPU
	EndGlobalSection
	GlobalSection(ProjectConfigurationPlatforms) = postSolution
		{65E3B600-44F9-4643-9C11-F9A4E607A24A}.Debug|Any CPU.ActiveCfg = Debug|Any CPU
		{65E3B600-44F9-4643-9C11-F9A4E607A24A}.Debug|Any CPU.Build.0 = Debug|Any CPU
		{65E3B600-44F9-4643-9C11-F9A4E607A24A}.Release|Any CPU.ActiveCfg = Release|Any CPU
		{65E3B600-44F9-4643-9C11-F9A4E607A24A}.Release|Any CPU.Build.0 = Release|Any CPU
		{A4DC6143-8F2C-4768-A875-5A02A8C0968F}.Debug|Any CPU.ActiveCfg = Debug|Any CPU
		{A4DC6143-8F2C-4768-A875-5A02A8C0968F}.Debug|Any CPU.Build.0 = Debug|Any CPU
		{A4DC6143-8F2C-4768-A875-5A02A8C0968F}.Debug|Any CPU.Deploy.0 = Debug|Any CPU
		{A4DC6143-8F2C-4768-A875-5A02A8C0968F}.Release|Any CPU.ActiveCfg = Release|Any CPU
		{A4DC6143-8F2C-4768-A875-5A02A8C0968F}.Release|Any CPU.Build.0 = Release|Any CPU
		{A4DC6143-8F2C-4768-A875-5A02A8C0968F}.Release|Any CPU.Deploy.0 = Release|Any CPU
	EndGlobalSection
	GlobalSection(SolutionProperties) = preSolution
		HideSolutionNode = FALSE
	EndGlobalSection
	GlobalSection(ExtensibilityGlobals) = postSolution
		SolutionGuid = {C3C21A11-B937-405A-91F0-2A8E70409BA3}
	EndGlobalSection
EndGlobal
